// !$*UTF8*$!
{
	archiveVersion = 1;
	classes = {
	};
	objectVersion = 55;
	objects = {

/* Begin PBXBuildFile section */
		1456DE2D28CF09D5000AD31A /* ImageFlowManager.swift in Sources */ = {isa = PBXBuildFile; fileRef = 1456DE2C28CF09D5000AD31A /* ImageFlowManager.swift */; };
		1456DE2F28CF0A01000AD31A /* Vector.swift in Sources */ = {isa = PBXBuildFile; fileRef = 1456DE2E28CF0A01000AD31A /* Vector.swift */; };
		1456DE3628D1D752000AD31A /* SIMDUtils.swift in Sources */ = {isa = PBXBuildFile; fileRef = 1456DE3528D1D752000AD31A /* SIMDUtils.swift */; };
		1456DE3A28D1E6EF000AD31A /* viewData.swift in Sources */ = {isa = PBXBuildFile; fileRef = 1456DE3928D1E6EF000AD31A /* viewData.swift */; };
		1456DE3D28D1EEF3000AD31A /* AppConfig.swift in Sources */ = {isa = PBXBuildFile; fileRef = 1456DE3C28D1EEF3000AD31A /* AppConfig.swift */; };
		1456DE4028D1F4A8000AD31A /* RoundRobinPool.swift in Sources */ = {isa = PBXBuildFile; fileRef = 1456DE3F28D1F4A8000AD31A /* RoundRobinPool.swift */; };
		1456DE4228D1F4FE000AD31A /* LockableBufferPool.swift in Sources */ = {isa = PBXBuildFile; fileRef = 1456DE4128D1F4FE000AD31A /* LockableBufferPool.swift */; };
		1456DE4428D1F52B000AD31A /* MetalBuffer.swift in Sources */ = {isa = PBXBuildFile; fileRef = 1456DE4328D1F52B000AD31A /* MetalBuffer.swift */; };
		1473B0BA28CB14460053E3BA /* AppDelegate.swift in Sources */ = {isa = PBXBuildFile; fileRef = 1473B0B928CB14460053E3BA /* AppDelegate.swift */; };
		1473B0BC28CB14460053E3BA /* SceneDelegate.swift in Sources */ = {isa = PBXBuildFile; fileRef = 1473B0BB28CB14460053E3BA /* SceneDelegate.swift */; };
		1473B0BE28CB14460053E3BA /* ViewController.swift in Sources */ = {isa = PBXBuildFile; fileRef = 1473B0BD28CB14460053E3BA /* ViewController.swift */; };
		1473B0C128CB14460053E3BA /* Main.storyboard in Resources */ = {isa = PBXBuildFile; fileRef = 1473B0BF28CB14460053E3BA /* Main.storyboard */; };
		1473B0C328CB14480053E3BA /* Assets.xcassets in Resources */ = {isa = PBXBuildFile; fileRef = 1473B0C228CB14480053E3BA /* Assets.xcassets */; };
		1473B0C628CB14480053E3BA /* LaunchScreen.storyboard in Resources */ = {isa = PBXBuildFile; fileRef = 1473B0C428CB14480053E3BA /* LaunchScreen.storyboard */; };
		1473B0D128CB14480053E3BA /* drawLoopTests.swift in Sources */ = {isa = PBXBuildFile; fileRef = 1473B0D028CB14480053E3BA /* drawLoopTests.swift */; };
		1473B0DB28CB14480053E3BA /* drawLoopUITests.swift in Sources */ = {isa = PBXBuildFile; fileRef = 1473B0DA28CB14480053E3BA /* drawLoopUITests.swift */; };
		1473B0DD28CB14480053E3BA /* drawLoopUITestsLaunchTests.swift in Sources */ = {isa = PBXBuildFile; fileRef = 1473B0DC28CB14480053E3BA /* drawLoopUITestsLaunchTests.swift */; };
		1473B0EA28CB157E0053E3BA /* View.swift in Sources */ = {isa = PBXBuildFile; fileRef = 1473B0E928CB157E0053E3BA /* View.swift */; };
		1473B0EF28CB225E0053E3BA /* SharedTypes.swift in Sources */ = {isa = PBXBuildFile; fileRef = 1473B0EE28CB225E0053E3BA /* SharedTypes.swift */; };
		1473B0F128CB22880053E3BA /* APPL.swift in Sources */ = {isa = PBXBuildFile; fileRef = 1473B0F028CB22880053E3BA /* APPL.swift */; };
		1473B0F428CB22E20053E3BA /* Transforms.swift in Sources */ = {isa = PBXBuildFile; fileRef = 1473B0F328CB22E20053E3BA /* Transforms.swift */; };
		1473B0F928CB4DF60053E3BA /* Renderer_.swift in Sources */ = {isa = PBXBuildFile; fileRef = 1473B0F828CB4DF50053E3BA /* Renderer_.swift */; };
		1473B0FB28CB519E0053E3BA /* Shader_.metal in Sources */ = {isa = PBXBuildFile; fileRef = 1473B0FA28CB519E0053E3BA /* Shader_.metal */; };
		1473B0FD28CB54CE0053E3BA /* VertexImage.swift in Sources */ = {isa = PBXBuildFile; fileRef = 1473B0FC28CB54CD0053E3BA /* VertexImage.swift */; };
		1473B0FF28CB57670053E3BA /* UITouch+Extension.swift in Sources */ = {isa = PBXBuildFile; fileRef = 1473B0FE28CB57670053E3BA /* UITouch+Extension.swift */; };
		1473B10128CB5C650053E3BA /* UIColorE.swift in Sources */ = {isa = PBXBuildFile; fileRef = 1473B10028CB5C650053E3BA /* UIColorE.swift */; };
		1473B10328CB60A00053E3BA /* circle.png in Resources */ = {isa = PBXBuildFile; fileRef = 1473B10228CB609F0053E3BA /* circle.png */; };
		1473B10528CB63310053E3BA /* Smudge.png in Resources */ = {isa = PBXBuildFile; fileRef = 1473B10428CB63300053E3BA /* Smudge.png */; };
		1473B10728CEF4E20053E3BA /* TextureHelper.swift in Sources */ = {isa = PBXBuildFile; fileRef = 1473B10628CEF4E20053E3BA /* TextureHelper.swift */; };
		1473B10928CEF5070053E3BA /* CGUtils.swift in Sources */ = {isa = PBXBuildFile; fileRef = 1473B10828CEF5070053E3BA /* CGUtils.swift */; };
		1473B10B28CEF8BE0053E3BA /* FTBlitEncoder.swift in Sources */ = {isa = PBXBuildFile; fileRef = 1473B10A28CEF8BE0053E3BA /* FTBlitEncoder.swift */; };
		E7A062D528E46AAA006A1CE4 /* alternateFlowManager.swift in Sources */ = {isa = PBXBuildFile; fileRef = E7A062D428E46AAA006A1CE4 /* alternateFlowManager.swift */; };
		E7A062D728E46BC6006A1CE4 /* VectorCG.swift in Sources */ = {isa = PBXBuildFile; fileRef = E7A062D628E46BC6006A1CE4 /* VectorCG.swift */; };
		E7A6E64028EADA3A00B8F6A4 /* FlowManager.swift in Sources */ = {isa = PBXBuildFile; fileRef = E7A6E63F28EADA3A00B8F6A4 /* FlowManager.swift */; };
		E7AB079328EFE25300ED2B70 /* p4per.png in Resources */ = {isa = PBXBuildFile; fileRef = E7AB079228EFE25300ED2B70 /* p4per.png */; };
		E7AB079528EFE4EF00ED2B70 /* pngegg.png in Resources */ = {isa = PBXBuildFile; fileRef = E7AB079428EFE4EF00ED2B70 /* pngegg.png */; };
		E7ABF6C528EC10FC00DDD97D /* paper.png in Resources */ = {isa = PBXBuildFile; fileRef = E7ABF6C428EC10FC00DDD97D /* paper.png */; };
/* End PBXBuildFile section */

/* Begin PBXContainerItemProxy section */
		1473B0CD28CB14480053E3BA /* PBXContainerItemProxy */ = {
			isa = PBXContainerItemProxy;
			containerPortal = 1473B0AE28CB14460053E3BA /* Project object */;
			proxyType = 1;
			remoteGlobalIDString = 1473B0B528CB14460053E3BA;
			remoteInfo = drawLoop;
		};
		1473B0D728CB14480053E3BA /* PBXContainerItemProxy */ = {
			isa = PBXContainerItemProxy;
			containerPortal = 1473B0AE28CB14460053E3BA /* Project object */;
			proxyType = 1;
			remoteGlobalIDString = 1473B0B528CB14460053E3BA;
			remoteInfo = drawLoop;
		};
/* End PBXContainerItemProxy section */

/* Begin PBXFileReference section */
		1456DE2C28CF09D5000AD31A /* ImageFlowManager.swift */ = {isa = PBXFileReference; lastKnownFileType = sourcecode.swift; path = ImageFlowManager.swift; sourceTree = "<group>"; };
		1456DE2E28CF0A01000AD31A /* Vector.swift */ = {isa = PBXFileReference; lastKnownFileType = sourcecode.swift; path = Vector.swift; sourceTree = "<group>"; };
		1456DE3528D1D752000AD31A /* SIMDUtils.swift */ = {isa = PBXFileReference; lastKnownFileType = sourcecode.swift; path = SIMDUtils.swift; sourceTree = "<group>"; };
		1456DE3928D1E6EF000AD31A /* viewData.swift */ = {isa = PBXFileReference; lastKnownFileType = sourcecode.swift; path = viewData.swift; sourceTree = "<group>"; };
		1456DE3C28D1EEF3000AD31A /* AppConfig.swift */ = {isa = PBXFileReference; lastKnownFileType = sourcecode.swift; path = AppConfig.swift; sourceTree = "<group>"; };
		1456DE3F28D1F4A8000AD31A /* RoundRobinPool.swift */ = {isa = PBXFileReference; lastKnownFileType = sourcecode.swift; path = RoundRobinPool.swift; sourceTree = "<group>"; };
		1456DE4128D1F4FE000AD31A /* LockableBufferPool.swift */ = {isa = PBXFileReference; lastKnownFileType = sourcecode.swift; path = LockableBufferPool.swift; sourceTree = "<group>"; };
		1456DE4328D1F52B000AD31A /* MetalBuffer.swift */ = {isa = PBXFileReference; lastKnownFileType = sourcecode.swift; path = MetalBuffer.swift; sourceTree = "<group>"; };
		1473B0B628CB14460053E3BA /* drawLoop.app */ = {isa = PBXFileReference; explicitFileType = wrapper.application; includeInIndex = 0; path = drawLoop.app; sourceTree = BUILT_PRODUCTS_DIR; };
		1473B0B928CB14460053E3BA /* AppDelegate.swift */ = {isa = PBXFileReference; lastKnownFileType = sourcecode.swift; path = AppDelegate.swift; sourceTree = "<group>"; };
		1473B0BB28CB14460053E3BA /* SceneDelegate.swift */ = {isa = PBXFileReference; lastKnownFileType = sourcecode.swift; path = SceneDelegate.swift; sourceTree = "<group>"; };
		1473B0BD28CB14460053E3BA /* ViewController.swift */ = {isa = PBXFileReference; lastKnownFileType = sourcecode.swift; path = ViewController.swift; sourceTree = "<group>"; };
		1473B0C028CB14460053E3BA /* Base */ = {isa = PBXFileReference; lastKnownFileType = file.storyboard; name = Base; path = Base.lproj/Main.storyboard; sourceTree = "<group>"; };
		1473B0C228CB14480053E3BA /* Assets.xcassets */ = {isa = PBXFileReference; lastKnownFileType = folder.assetcatalog; path = Assets.xcassets; sourceTree = "<group>"; };
		1473B0C528CB14480053E3BA /* Base */ = {isa = PBXFileReference; lastKnownFileType = file.storyboard; name = Base; path = Base.lproj/LaunchScreen.storyboard; sourceTree = "<group>"; };
		1473B0C728CB14480053E3BA /* Info.plist */ = {isa = PBXFileReference; lastKnownFileType = text.plist.xml; path = Info.plist; sourceTree = "<group>"; };
		1473B0CC28CB14480053E3BA /* drawLoopTests.xctest */ = {isa = PBXFileReference; explicitFileType = wrapper.cfbundle; includeInIndex = 0; path = drawLoopTests.xctest; sourceTree = BUILT_PRODUCTS_DIR; };
		1473B0D028CB14480053E3BA /* drawLoopTests.swift */ = {isa = PBXFileReference; lastKnownFileType = sourcecode.swift; path = drawLoopTests.swift; sourceTree = "<group>"; };
		1473B0D628CB14480053E3BA /* drawLoopUITests.xctest */ = {isa = PBXFileReference; explicitFileType = wrapper.cfbundle; includeInIndex = 0; path = drawLoopUITests.xctest; sourceTree = BUILT_PRODUCTS_DIR; };
		1473B0DA28CB14480053E3BA /* drawLoopUITests.swift */ = {isa = PBXFileReference; lastKnownFileType = sourcecode.swift; path = drawLoopUITests.swift; sourceTree = "<group>"; };
		1473B0DC28CB14480053E3BA /* drawLoopUITestsLaunchTests.swift */ = {isa = PBXFileReference; lastKnownFileType = sourcecode.swift; path = drawLoopUITestsLaunchTests.swift; sourceTree = "<group>"; };
		1473B0E928CB157E0053E3BA /* View.swift */ = {isa = PBXFileReference; lastKnownFileType = sourcecode.swift; path = View.swift; sourceTree = "<group>"; };
		1473B0EE28CB225E0053E3BA /* SharedTypes.swift */ = {isa = PBXFileReference; lastKnownFileType = sourcecode.swift; path = SharedTypes.swift; sourceTree = "<group>"; };
		1473B0F028CB22880053E3BA /* APPL.swift */ = {isa = PBXFileReference; lastKnownFileType = sourcecode.swift; path = APPL.swift; sourceTree = "<group>"; };
		1473B0F328CB22E20053E3BA /* Transforms.swift */ = {isa = PBXFileReference; lastKnownFileType = sourcecode.swift; path = Transforms.swift; sourceTree = "<group>"; };
		1473B0F728CB2F170053E3BA /* ShaderTypes.h */ = {isa = PBXFileReference; lastKnownFileType = sourcecode.c.h; path = ShaderTypes.h; sourceTree = "<group>"; };
		1473B0F828CB4DF50053E3BA /* Renderer_.swift */ = {isa = PBXFileReference; lastKnownFileType = sourcecode.swift; path = "Renderer_\U0003\U0003\U0003\U0003\U0003\U0003\U0003\U0003\U0003\U0003\U0003\U0003\U0003\U0003\U0003\U0003\U0003\U0003\U0003\U0003.swift"; sourceTree = "<group>"; };
		1473B0FA28CB519E0053E3BA /* Shader_.metal */ = {isa = PBXFileReference; lastKnownFileType = sourcecode.metal; path = Shader_.metal; sourceTree = "<group>"; };
		1473B0FC28CB54CD0053E3BA /* VertexImage.swift */ = {isa = PBXFileReference; lastKnownFileType = sourcecode.swift; path = VertexImage.swift; sourceTree = "<group>"; };
		1473B0FE28CB57670053E3BA /* UITouch+Extension.swift */ = {isa = PBXFileReference; lastKnownFileType = sourcecode.swift; path = "UITouch+Extension.swift"; sourceTree = "<group>"; };
		1473B10028CB5C650053E3BA /* UIColorE.swift */ = {isa = PBXFileReference; lastKnownFileType = sourcecode.swift; path = UIColorE.swift; sourceTree = "<group>"; };
		1473B10228CB609F0053E3BA /* circle.png */ = {isa = PBXFileReference; lastKnownFileType = image.png; path = circle.png; sourceTree = "<group>"; };
		1473B10428CB63300053E3BA /* Smudge.png */ = {isa = PBXFileReference; lastKnownFileType = image.png; path = Smudge.png; sourceTree = "<group>"; };
		1473B10628CEF4E20053E3BA /* TextureHelper.swift */ = {isa = PBXFileReference; lastKnownFileType = sourcecode.swift; path = TextureHelper.swift; sourceTree = "<group>"; };
		1473B10828CEF5070053E3BA /* CGUtils.swift */ = {isa = PBXFileReference; lastKnownFileType = sourcecode.swift; path = CGUtils.swift; sourceTree = "<group>"; };
		1473B10A28CEF8BE0053E3BA /* FTBlitEncoder.swift */ = {isa = PBXFileReference; lastKnownFileType = sourcecode.swift; path = FTBlitEncoder.swift; sourceTree = "<group>"; };
		E7A062D428E46AAA006A1CE4 /* alternateFlowManager.swift */ = {isa = PBXFileReference; lastKnownFileType = sourcecode.swift; path = alternateFlowManager.swift; sourceTree = "<group>"; };
		E7A062D628E46BC6006A1CE4 /* VectorCG.swift */ = {isa = PBXFileReference; lastKnownFileType = sourcecode.swift; path = VectorCG.swift; sourceTree = "<group>"; };
		E7A6E63F28EADA3A00B8F6A4 /* FlowManager.swift */ = {isa = PBXFileReference; lastKnownFileType = sourcecode.swift; path = FlowManager.swift; sourceTree = "<group>"; };
		E7AB079228EFE25300ED2B70 /* p4per.png */ = {isa = PBXFileReference; lastKnownFileType = image.png; name = p4per.png; path = ../../../Downloads/p4per.png; sourceTree = "<group>"; };
		E7AB079428EFE4EF00ED2B70 /* pngegg.png */ = {isa = PBXFileReference; lastKnownFileType = image.png; name = pngegg.png; path = ../../../Downloads/pngegg.png; sourceTree = "<group>"; };
		E7ABF6C428EC10FC00DDD97D /* paper.png */ = {isa = PBXFileReference; lastKnownFileType = image.png; name = paper.png; path = ../../../Downloads/paper.png; sourceTree = "<group>"; };
/* End PBXFileReference section */

/* Begin PBXFrameworksBuildPhase section */
		1473B0B328CB14460053E3BA /* Frameworks */ = {
			isa = PBXFrameworksBuildPhase;
			buildActionMask = 2147483647;
			files = (
			);
			runOnlyForDeploymentPostprocessing = 0;
		};
		1473B0C928CB14480053E3BA /* Frameworks */ = {
			isa = PBXFrameworksBuildPhase;
			buildActionMask = 2147483647;
			files = (
			);
			runOnlyForDeploymentPostprocessing = 0;
		};
		1473B0D328CB14480053E3BA /* Frameworks */ = {
			isa = PBXFrameworksBuildPhase;
			buildActionMask = 2147483647;
			files = (
			);
			runOnlyForDeploymentPostprocessing = 0;
		};
/* End PBXFrameworksBuildPhase section */

/* Begin PBXGroup section */
		1456DE3028D09515000AD31A /* Metal */ = {
			isa = PBXGroup;
			children = (
				1473B0ED28CB224F0053E3BA /* Extensions */,
				1473B0F728CB2F170053E3BA /* ShaderTypes.h */,
				1473B0FA28CB519E0053E3BA /* Shader_.metal */,
			);
			path = Metal;
			sourceTree = "<group>";
		};
		1456DE3128D095B1000AD31A /* Renderer */ = {
			isa = PBXGroup;
			children = (
				1456DE2C28CF09D5000AD31A /* ImageFlowManager.swift */,
				1473B0F828CB4DF50053E3BA /* Renderer_.swift */,
				E7A062D428E46AAA006A1CE4 /* alternateFlowManager.swift */,
				E7A6E63F28EADA3A00B8F6A4 /* FlowManager.swift */,
			);
			path = Renderer;
			sourceTree = "<group>";
		};
		1456DE3228D095CA000AD31A /* UIExtensions */ = {
			isa = PBXGroup;
			children = (
				1473B10828CEF5070053E3BA /* CGUtils.swift */,
				1473B10028CB5C650053E3BA /* UIColorE.swift */,
				1473B0FE28CB57670053E3BA /* UITouch+Extension.swift */,
			);
			path = UIExtensions;
			sourceTree = "<group>";
		};
		1456DE3328D09612000AD31A /* MathExtensions */ = {
			isa = PBXGroup;
			children = (
				1456DE2E28CF0A01000AD31A /* Vector.swift */,
				E7A062D628E46BC6006A1CE4 /* VectorCG.swift */,
				1473B0F328CB22E20053E3BA /* Transforms.swift */,
				1456DE3528D1D752000AD31A /* SIMDUtils.swift */,
			);
			path = MathExtensions;
			sourceTree = "<group>";
		};
		1456DE3428D09626000AD31A /* MetalExtensions */ = {
			isa = PBXGroup;
			children = (
				1473B0FC28CB54CD0053E3BA /* VertexImage.swift */,
				1473B10A28CEF8BE0053E3BA /* FTBlitEncoder.swift */,
				1473B10628CEF4E20053E3BA /* TextureHelper.swift */,
				1456DE3928D1E6EF000AD31A /* viewData.swift */,
			);
			path = MetalExtensions;
			sourceTree = "<group>";
		};
		1456DE3B28D1EEE3000AD31A /* Configurations */ = {
			isa = PBXGroup;
			children = (
				1456DE3C28D1EEF3000AD31A /* AppConfig.swift */,
			);
			path = Configurations;
			sourceTree = "<group>";
		};
		1456DE3E28D1F48A000AD31A /* BufferLogic */ = {
			isa = PBXGroup;
			children = (
				1456DE3F28D1F4A8000AD31A /* RoundRobinPool.swift */,
				1456DE4128D1F4FE000AD31A /* LockableBufferPool.swift */,
				1456DE4328D1F52B000AD31A /* MetalBuffer.swift */,
			);
			path = BufferLogic;
			sourceTree = "<group>";
		};
		1473B0AD28CB14460053E3BA = {
			isa = PBXGroup;
			children = (
				E7AB079228EFE25300ED2B70 /* p4per.png */,
				E7AB079428EFE4EF00ED2B70 /* pngegg.png */,
				E7ABF6C428EC10FC00DDD97D /* paper.png */,
				1473B0B828CB14460053E3BA /* drawLoop */,
				1473B0CF28CB14480053E3BA /* drawLoopTests */,
				1473B0D928CB14480053E3BA /* drawLoopUITests */,
				1473B0B728CB14460053E3BA /* Products */,
			);
			sourceTree = "<group>";
		};
		1473B0B728CB14460053E3BA /* Products */ = {
			isa = PBXGroup;
			children = (
				1473B0B628CB14460053E3BA /* drawLoop.app */,
				1473B0CC28CB14480053E3BA /* drawLoopTests.xctest */,
				1473B0D628CB14480053E3BA /* drawLoopUITests.xctest */,
			);
			name = Products;
			sourceTree = "<group>";
		};
		1473B0B828CB14460053E3BA /* drawLoop */ = {
			isa = PBXGroup;
			children = (
				1456DE3E28D1F48A000AD31A /* BufferLogic */,
				1456DE3B28D1EEE3000AD31A /* Configurations */,
				1456DE3128D095B1000AD31A /* Renderer */,
				1456DE3028D09515000AD31A /* Metal */,
				1473B10428CB63300053E3BA /* Smudge.png */,
				1473B10228CB609F0053E3BA /* circle.png */,
				1473B0B928CB14460053E3BA /* AppDelegate.swift */,
				1473B0BB28CB14460053E3BA /* SceneDelegate.swift */,
				1473B0BD28CB14460053E3BA /* ViewController.swift */,
				1473B0BF28CB14460053E3BA /* Main.storyboard */,
				1473B0C228CB14480053E3BA /* Assets.xcassets */,
				1473B0C428CB14480053E3BA /* LaunchScreen.storyboard */,
				1473B0C728CB14480053E3BA /* Info.plist */,
				1473B0E928CB157E0053E3BA /* View.swift */,
			);
			path = drawLoop;
			sourceTree = "<group>";
		};
		1473B0CF28CB14480053E3BA /* drawLoopTests */ = {
			isa = PBXGroup;
			children = (
				1473B0D028CB14480053E3BA /* drawLoopTests.swift */,
			);
			path = drawLoopTests;
			sourceTree = "<group>";
		};
		1473B0D928CB14480053E3BA /* drawLoopUITests */ = {
			isa = PBXGroup;
			children = (
				1473B0DA28CB14480053E3BA /* drawLoopUITests.swift */,
				1473B0DC28CB14480053E3BA /* drawLoopUITestsLaunchTests.swift */,
			);
			path = drawLoopUITests;
			sourceTree = "<group>";
		};
		1473B0ED28CB224F0053E3BA /* Extensions */ = {
			isa = PBXGroup;
			children = (
				1456DE3428D09626000AD31A /* MetalExtensions */,
				1456DE3328D09612000AD31A /* MathExtensions */,
				1456DE3228D095CA000AD31A /* UIExtensions */,
				1473B0EE28CB225E0053E3BA /* SharedTypes.swift */,
				1473B0F028CB22880053E3BA /* APPL.swift */,
			);
			path = Extensions;
			sourceTree = "<group>";
		};
/* End PBXGroup section */

/* Begin PBXNativeTarget section */
		1473B0B528CB14460053E3BA /* drawLoop */ = {
			isa = PBXNativeTarget;
			buildConfigurationList = 1473B0E028CB14480053E3BA /* Build configuration list for PBXNativeTarget "drawLoop" */;
			buildPhases = (
				1473B0B228CB14460053E3BA /* Sources */,
				1473B0B328CB14460053E3BA /* Frameworks */,
				1473B0B428CB14460053E3BA /* Resources */,
			);
			buildRules = (
			);
			dependencies = (
			);
			name = drawLoop;
			productName = drawLoop;
			productReference = 1473B0B628CB14460053E3BA /* drawLoop.app */;
			productType = "com.apple.product-type.application";
		};
		1473B0CB28CB14480053E3BA /* drawLoopTests */ = {
			isa = PBXNativeTarget;
			buildConfigurationList = 1473B0E328CB14480053E3BA /* Build configuration list for PBXNativeTarget "drawLoopTests" */;
			buildPhases = (
				1473B0C828CB14480053E3BA /* Sources */,
				1473B0C928CB14480053E3BA /* Frameworks */,
				1473B0CA28CB14480053E3BA /* Resources */,
			);
			buildRules = (
			);
			dependencies = (
				1473B0CE28CB14480053E3BA /* PBXTargetDependency */,
			);
			name = drawLoopTests;
			productName = drawLoopTests;
			productReference = 1473B0CC28CB14480053E3BA /* drawLoopTests.xctest */;
			productType = "com.apple.product-type.bundle.unit-test";
		};
		1473B0D528CB14480053E3BA /* drawLoopUITests */ = {
			isa = PBXNativeTarget;
			buildConfigurationList = 1473B0E628CB14480053E3BA /* Build configuration list for PBXNativeTarget "drawLoopUITests" */;
			buildPhases = (
				1473B0D228CB14480053E3BA /* Sources */,
				1473B0D328CB14480053E3BA /* Frameworks */,
				1473B0D428CB14480053E3BA /* Resources */,
			);
			buildRules = (
			);
			dependencies = (
				1473B0D828CB14480053E3BA /* PBXTargetDependency */,
			);
			name = drawLoopUITests;
			productName = drawLoopUITests;
			productReference = 1473B0D628CB14480053E3BA /* drawLoopUITests.xctest */;
			productType = "com.apple.product-type.bundle.ui-testing";
		};
/* End PBXNativeTarget section */

/* Begin PBXProject section */
		1473B0AE28CB14460053E3BA /* Project object */ = {
			isa = PBXProject;
			attributes = {
				BuildIndependentTargetsInParallel = 1;
				LastSwiftUpdateCheck = 1340;
				LastUpgradeCheck = 1340;
				TargetAttributes = {
					1473B0B528CB14460053E3BA = {
						CreatedOnToolsVersion = 13.4.1;
					};
					1473B0CB28CB14480053E3BA = {
						CreatedOnToolsVersion = 13.4.1;
						TestTargetID = 1473B0B528CB14460053E3BA;
					};
					1473B0D528CB14480053E3BA = {
						CreatedOnToolsVersion = 13.4.1;
						TestTargetID = 1473B0B528CB14460053E3BA;
					};
				};
			};
			buildConfigurationList = 1473B0B128CB14460053E3BA /* Build configuration list for PBXProject "drawLoop" */;
			compatibilityVersion = "Xcode 13.0";
			developmentRegion = en;
			hasScannedForEncodings = 0;
			knownRegions = (
				en,
				Base,
			);
			mainGroup = 1473B0AD28CB14460053E3BA;
			productRefGroup = 1473B0B728CB14460053E3BA /* Products */;
			projectDirPath = "";
			projectRoot = "";
			targets = (
				1473B0B528CB14460053E3BA /* drawLoop */,
				1473B0CB28CB14480053E3BA /* drawLoopTests */,
				1473B0D528CB14480053E3BA /* drawLoopUITests */,
			);
		};
/* End PBXProject section */

/* Begin PBXResourcesBuildPhase section */
		1473B0B428CB14460053E3BA /* Resources */ = {
			isa = PBXResourcesBuildPhase;
			buildActionMask = 2147483647;
			files = (
				1473B0C628CB14480053E3BA /* LaunchScreen.storyboard in Resources */,
				E7AB079328EFE25300ED2B70 /* p4per.png in Resources */,
				1473B10528CB63310053E3BA /* Smudge.png in Resources */,
				E7ABF6C528EC10FC00DDD97D /* paper.png in Resources */,
				1473B0C328CB14480053E3BA /* Assets.xcassets in Resources */,
				E7AB079528EFE4EF00ED2B70 /* pngegg.png in Resources */,
				1473B0C128CB14460053E3BA /* Main.storyboard in Resources */,
				1473B10328CB60A00053E3BA /* circle.png in Resources */,
			);
			runOnlyForDeploymentPostprocessing = 0;
		};
		1473B0CA28CB14480053E3BA /* Resources */ = {
			isa = PBXResourcesBuildPhase;
			buildActionMask = 2147483647;
			files = (
			);
			runOnlyForDeploymentPostprocessing = 0;
		};
		1473B0D428CB14480053E3BA /* Resources */ = {
			isa = PBXResourcesBuildPhase;
			buildActionMask = 2147483647;
			files = (
			);
			runOnlyForDeploymentPostprocessing = 0;
		};
/* End PBXResourcesBuildPhase section */

/* Begin PBXSourcesBuildPhase section */
		1473B0B228CB14460053E3BA /* Sources */ = {
			isa = PBXSourcesBuildPhase;
			buildActionMask = 2147483647;
			files = (
				E7A062D528E46AAA006A1CE4 /* alternateFlowManager.swift in Sources */,
				1473B0EF28CB225E0053E3BA /* SharedTypes.swift in Sources */,
				E7A062D728E46BC6006A1CE4 /* VectorCG.swift in Sources */,
				1456DE3D28D1EEF3000AD31A /* AppConfig.swift in Sources */,
				1473B10B28CEF8BE0053E3BA /* FTBlitEncoder.swift in Sources */,
				1473B0EA28CB157E0053E3BA /* View.swift in Sources */,
				1456DE2D28CF09D5000AD31A /* ImageFlowManager.swift in Sources */,
				1473B10728CEF4E20053E3BA /* TextureHelper.swift in Sources */,
				1473B10928CEF5070053E3BA /* CGUtils.swift in Sources */,
				1473B0F428CB22E20053E3BA /* Transforms.swift in Sources */,
				1473B0BE28CB14460053E3BA /* ViewController.swift in Sources */,
				1456DE3628D1D752000AD31A /* SIMDUtils.swift in Sources */,
				1473B0BA28CB14460053E3BA /* AppDelegate.swift in Sources */,
				1473B0FB28CB519E0053E3BA /* Shader_.metal in Sources */,
				1456DE4428D1F52B000AD31A /* MetalBuffer.swift in Sources */,
				1473B0F928CB4DF60053E3BA /* Renderer_.swift in Sources */,
				1473B0FF28CB57670053E3BA /* UITouch+Extension.swift in Sources */,
				1456DE4228D1F4FE000AD31A /* LockableBufferPool.swift in Sources */,
				1456DE4028D1F4A8000AD31A /* RoundRobinPool.swift in Sources */,
				1473B10128CB5C650053E3BA /* UIColorE.swift in Sources */,
				1456DE2F28CF0A01000AD31A /* Vector.swift in Sources */,
				1473B0FD28CB54CE0053E3BA /* VertexImage.swift in Sources */,
				1473B0BC28CB14460053E3BA /* SceneDelegate.swift in Sources */,
				E7A6E64028EADA3A00B8F6A4 /* FlowManager.swift in Sources */,
				1473B0F128CB22880053E3BA /* APPL.swift in Sources */,
				1456DE3A28D1E6EF000AD31A /* viewData.swift in Sources */,
			);
			runOnlyForDeploymentPostprocessing = 0;
		};
		1473B0C828CB14480053E3BA /* Sources */ = {
			isa = PBXSourcesBuildPhase;
			buildActionMask = 2147483647;
			files = (
				1473B0D128CB14480053E3BA /* drawLoopTests.swift in Sources */,
			);
			runOnlyForDeploymentPostprocessing = 0;
		};
		1473B0D228CB14480053E3BA /* Sources */ = {
			isa = PBXSourcesBuildPhase;
			buildActionMask = 2147483647;
			files = (
				1473B0DD28CB14480053E3BA /* drawLoopUITestsLaunchTests.swift in Sources */,
				1473B0DB28CB14480053E3BA /* drawLoopUITests.swift in Sources */,
			);
			runOnlyForDeploymentPostprocessing = 0;
		};
/* End PBXSourcesBuildPhase section */

/* Begin PBXTargetDependency section */
		1473B0CE28CB14480053E3BA /* PBXTargetDependency */ = {
			isa = PBXTargetDependency;
			target = 1473B0B528CB14460053E3BA /* drawLoop */;
			targetProxy = 1473B0CD28CB14480053E3BA /* PBXContainerItemProxy */;
		};
		1473B0D828CB14480053E3BA /* PBXTargetDependency */ = {
			isa = PBXTargetDependency;
			target = 1473B0B528CB14460053E3BA /* drawLoop */;
			targetProxy = 1473B0D728CB14480053E3BA /* PBXContainerItemProxy */;
		};
/* End PBXTargetDependency section */

/* Begin PBXVariantGroup section */
		1473B0BF28CB14460053E3BA /* Main.storyboard */ = {
			isa = PBXVariantGroup;
			children = (
				1473B0C028CB14460053E3BA /* Base */,
			);
			name = Main.storyboard;
			sourceTree = "<group>";
		};
		1473B0C428CB14480053E3BA /* LaunchScreen.storyboard */ = {
			isa = PBXVariantGroup;
			children = (
				1473B0C528CB14480053E3BA /* Base */,
			);
			name = LaunchScreen.storyboard;
			sourceTree = "<group>";
		};
/* End PBXVariantGroup section */

/* Begin XCBuildConfiguration section */
		1473B0DE28CB14480053E3BA /* Debug */ = {
			isa = XCBuildConfiguration;
			buildSettings = {
				ALWAYS_SEARCH_USER_PATHS = NO;
				CLANG_ANALYZER_NONNULL = YES;
				CLANG_ANALYZER_NUMBER_OBJECT_CONVERSION = YES_AGGRESSIVE;
				CLANG_CXX_LANGUAGE_STANDARD = "gnu++17";
				CLANG_ENABLE_MODULES = YES;
				CLANG_ENABLE_OBJC_ARC = YES;
				CLANG_ENABLE_OBJC_WEAK = YES;
				CLANG_WARN_BLOCK_CAPTURE_AUTORELEASING = YES;
				CLANG_WARN_BOOL_CONVERSION = YES;
				CLANG_WARN_COMMA = YES;
				CLANG_WARN_CONSTANT_CONVERSION = YES;
				CLANG_WARN_DEPRECATED_OBJC_IMPLEMENTATIONS = YES;
				CLANG_WARN_DIRECT_OBJC_ISA_USAGE = YES_ERROR;
				CLANG_WARN_DOCUMENTATION_COMMENTS = YES;
				CLANG_WARN_EMPTY_BODY = YES;
				CLANG_WARN_ENUM_CONVERSION = YES;
				CLANG_WARN_INFINITE_RECURSION = YES;
				CLANG_WARN_INT_CONVERSION = YES;
				CLANG_WARN_NON_LITERAL_NULL_CONVERSION = YES;
				CLANG_WARN_OBJC_IMPLICIT_RETAIN_SELF = YES;
				CLANG_WARN_OBJC_LITERAL_CONVERSION = YES;
				CLANG_WARN_OBJC_ROOT_CLASS = YES_ERROR;
				CLANG_WARN_QUOTED_INCLUDE_IN_FRAMEWORK_HEADER = YES;
				CLANG_WARN_RANGE_LOOP_ANALYSIS = YES;
				CLANG_WARN_STRICT_PROTOTYPES = YES;
				CLANG_WARN_SUSPICIOUS_MOVE = YES;
				CLANG_WARN_UNGUARDED_AVAILABILITY = YES_AGGRESSIVE;
				CLANG_WARN_UNREACHABLE_CODE = YES;
				CLANG_WARN__DUPLICATE_METHOD_MATCH = YES;
				COPY_PHASE_STRIP = NO;
				DEBUG_INFORMATION_FORMAT = dwarf;
				ENABLE_STRICT_OBJC_MSGSEND = YES;
				ENABLE_TESTABILITY = YES;
				GCC_C_LANGUAGE_STANDARD = gnu11;
				GCC_DYNAMIC_NO_PIC = NO;
				GCC_NO_COMMON_BLOCKS = YES;
				GCC_OPTIMIZATION_LEVEL = 0;
				GCC_PREPROCESSOR_DEFINITIONS = (
					"DEBUG=1",
					"$(inherited)",
				);
				GCC_WARN_64_TO_32_BIT_CONVERSION = YES;
				GCC_WARN_ABOUT_RETURN_TYPE = YES_ERROR;
				GCC_WARN_UNDECLARED_SELECTOR = YES;
				GCC_WARN_UNINITIALIZED_AUTOS = YES_AGGRESSIVE;
				GCC_WARN_UNUSED_FUNCTION = YES;
				GCC_WARN_UNUSED_VARIABLE = YES;
				IPHONEOS_DEPLOYMENT_TARGET = 15.5;
				MTL_ENABLE_DEBUG_INFO = INCLUDE_SOURCE;
				MTL_FAST_MATH = YES;
				ONLY_ACTIVE_ARCH = YES;
				SDKROOT = iphoneos;
				SWIFT_ACTIVE_COMPILATION_CONDITIONS = DEBUG;
				SWIFT_OPTIMIZATION_LEVEL = "-Onone";
			};
			name = Debug;
		};
		1473B0DF28CB14480053E3BA /* Release */ = {
			isa = XCBuildConfiguration;
			buildSettings = {
				ALWAYS_SEARCH_USER_PATHS = NO;
				CLANG_ANALYZER_NONNULL = YES;
				CLANG_ANALYZER_NUMBER_OBJECT_CONVERSION = YES_AGGRESSIVE;
				CLANG_CXX_LANGUAGE_STANDARD = "gnu++17";
				CLANG_ENABLE_MODULES = YES;
				CLANG_ENABLE_OBJC_ARC = YES;
				CLANG_ENABLE_OBJC_WEAK = YES;
				CLANG_WARN_BLOCK_CAPTURE_AUTORELEASING = YES;
				CLANG_WARN_BOOL_CONVERSION = YES;
				CLANG_WARN_COMMA = YES;
				CLANG_WARN_CONSTANT_CONVERSION = YES;
				CLANG_WARN_DEPRECATED_OBJC_IMPLEMENTATIONS = YES;
				CLANG_WARN_DIRECT_OBJC_ISA_USAGE = YES_ERROR;
				CLANG_WARN_DOCUMENTATION_COMMENTS = YES;
				CLANG_WARN_EMPTY_BODY = YES;
				CLANG_WARN_ENUM_CONVERSION = YES;
				CLANG_WARN_INFINITE_RECURSION = YES;
				CLANG_WARN_INT_CONVERSION = YES;
				CLANG_WARN_NON_LITERAL_NULL_CONVERSION = YES;
				CLANG_WARN_OBJC_IMPLICIT_RETAIN_SELF = YES;
				CLANG_WARN_OBJC_LITERAL_CONVERSION = YES;
				CLANG_WARN_OBJC_ROOT_CLASS = YES_ERROR;
				CLANG_WARN_QUOTED_INCLUDE_IN_FRAMEWORK_HEADER = YES;
				CLANG_WARN_RANGE_LOOP_ANALYSIS = YES;
				CLANG_WARN_STRICT_PROTOTYPES = YES;
				CLANG_WARN_SUSPICIOUS_MOVE = YES;
				CLANG_WARN_UNGUARDED_AVAILABILITY = YES_AGGRESSIVE;
				CLANG_WARN_UNREACHABLE_CODE = YES;
				CLANG_WARN__DUPLICATE_METHOD_MATCH = YES;
				COPY_PHASE_STRIP = NO;
				DEBUG_INFORMATION_FORMAT = "dwarf-with-dsym";
				ENABLE_NS_ASSERTIONS = NO;
				ENABLE_STRICT_OBJC_MSGSEND = YES;
				GCC_C_LANGUAGE_STANDARD = gnu11;
				GCC_NO_COMMON_BLOCKS = YES;
				GCC_WARN_64_TO_32_BIT_CONVERSION = YES;
				GCC_WARN_ABOUT_RETURN_TYPE = YES_ERROR;
				GCC_WARN_UNDECLARED_SELECTOR = YES;
				GCC_WARN_UNINITIALIZED_AUTOS = YES_AGGRESSIVE;
				GCC_WARN_UNUSED_FUNCTION = YES;
				GCC_WARN_UNUSED_VARIABLE = YES;
				IPHONEOS_DEPLOYMENT_TARGET = 15.5;
				MTL_ENABLE_DEBUG_INFO = NO;
				MTL_FAST_MATH = YES;
				SDKROOT = iphoneos;
				SWIFT_COMPILATION_MODE = wholemodule;
				SWIFT_OPTIMIZATION_LEVEL = "-O";
				VALIDATE_PRODUCT = YES;
			};
			name = Release;
		};
		1473B0E128CB14480053E3BA /* Debug */ = {
			isa = XCBuildConfiguration;
			buildSettings = {
				ASSETCATALOG_COMPILER_APPICON_NAME = AppIcon;
				ASSETCATALOG_COMPILER_GLOBAL_ACCENT_COLOR_NAME = AccentColor;
				CODE_SIGN_STYLE = Automatic;
				CURRENT_PROJECT_VERSION = 1;
				DEVELOPMENT_TEAM = 5ZM9D3RXGX;
				GENERATE_INFOPLIST_FILE = YES;
				INFOPLIST_FILE = drawLoop/Info.plist;
				INFOPLIST_KEY_UIApplicationSupportsIndirectInputEvents = YES;
				INFOPLIST_KEY_UILaunchStoryboardName = LaunchScreen;
				INFOPLIST_KEY_UIMainStoryboardFile = Main;
				INFOPLIST_KEY_UISupportedInterfaceOrientations_iPad = "UIInterfaceOrientationPortrait UIInterfaceOrientationPortraitUpsideDown UIInterfaceOrientationLandscapeLeft UIInterfaceOrientationLandscapeRight";
				INFOPLIST_KEY_UISupportedInterfaceOrientations_iPhone = "UIInterfaceOrientationPortrait UIInterfaceOrientationLandscapeLeft UIInterfaceOrientationLandscapeRight";
				LD_RUNPATH_SEARCH_PATHS = (
					"$(inherited)",
					"@executable_path/Frameworks",
				);
				MARKETING_VERSION = 1.0;
				PRODUCT_BUNDLE_IDENTIFIER = in2tech.drawLoop;
				PRODUCT_NAME = "$(TARGET_NAME)";
				SWIFT_EMIT_LOC_STRINGS = YES;
				SWIFT_VERSION = 5.0;
				TARGETED_DEVICE_FAMILY = "1,2";
			};
			name = Debug;
		};
		1473B0E228CB14480053E3BA /* Release */ = {
			isa = XCBuildConfiguration;
			buildSettings = {
				ASSETCATALOG_COMPILER_APPICON_NAME = AppIcon;
				ASSETCATALOG_COMPILER_GLOBAL_ACCENT_COLOR_NAME = AccentColor;
				CODE_SIGN_STYLE = Automatic;
				CURRENT_PROJECT_VERSION = 1;
				DEVELOPMENT_TEAM = 5ZM9D3RXGX;
				GENERATE_INFOPLIST_FILE = YES;
				INFOPLIST_FILE = drawLoop/Info.plist;
				INFOPLIST_KEY_UIApplicationSupportsIndirectInputEvents = YES;
				INFOPLIST_KEY_UILaunchStoryboardName = LaunchScreen;
				INFOPLIST_KEY_UIMainStoryboardFile = Main;
				INFOPLIST_KEY_UISupportedInterfaceOrientations_iPad = "UIInterfaceOrientationPortrait UIInterfaceOrientationPortraitUpsideDown UIInterfaceOrientationLandscapeLeft UIInterfaceOrientationLandscapeRight";
				INFOPLIST_KEY_UISupportedInterfaceOrientations_iPhone = "UIInterfaceOrientationPortrait UIInterfaceOrientationLandscapeLeft UIInterfaceOrientationLandscapeRight";
				LD_RUNPATH_SEARCH_PATHS = (
					"$(inherited)",
					"@executable_path/Frameworks",
				);
				MARKETING_VERSION = 1.0;
				PRODUCT_BUNDLE_IDENTIFIER = in2tech.drawLoop;
				PRODUCT_NAME = "$(TARGET_NAME)";
				SWIFT_EMIT_LOC_STRINGS = YES;
				SWIFT_VERSION = 5.0;
				TARGETED_DEVICE_FAMILY = "1,2";
			};
			name = Release;
		};
		1473B0E428CB14480053E3BA /* Debug */ = {
			isa = XCBuildConfiguration;
			buildSettings = {
				ALWAYS_EMBED_SWIFT_STANDARD_LIBRARIES = YES;
				BUNDLE_LOADER = "$(TEST_HOST)";
				CODE_SIGN_STYLE = Automatic;
				CURRENT_PROJECT_VERSION = 1;
				GENERATE_INFOPLIST_FILE = YES;
				IPHONEOS_DEPLOYMENT_TARGET = 15.5;
				MARKETING_VERSION = 1.0;
				PRODUCT_BUNDLE_IDENTIFIER = in2tech.drawLoopTests;
				PRODUCT_NAME = "$(TARGET_NAME)";
				SWIFT_EMIT_LOC_STRINGS = NO;
				SWIFT_VERSION = 5.0;
				TARGETED_DEVICE_FAMILY = "1,2";
				TEST_HOST = "$(BUILT_PRODUCTS_DIR)/drawLoop.app/drawLoop";
			};
			name = Debug;
		};
		1473B0E528CB14480053E3BA /* Release */ = {
			isa = XCBuildConfiguration;
			buildSettings = {
				ALWAYS_EMBED_SWIFT_STANDARD_LIBRARIES = YES;
				BUNDLE_LOADER = "$(TEST_HOST)";
				CODE_SIGN_STYLE = Automatic;
				CURRENT_PROJECT_VERSION = 1;
				GENERATE_INFOPLIST_FILE = YES;
				IPHONEOS_DEPLOYMENT_TARGET = 15.5;
				MARKETING_VERSION = 1.0;
				PRODUCT_BUNDLE_IDENTIFIER = in2tech.drawLoopTests;
				PRODUCT_NAME = "$(TARGET_NAME)";
				SWIFT_EMIT_LOC_STRINGS = NO;
				SWIFT_VERSION = 5.0;
				TARGETED_DEVICE_FAMILY = "1,2";
				TEST_HOST = "$(BUILT_PRODUCTS_DIR)/drawLoop.app/drawLoop";
			};
			name = Release;
		};
		1473B0E728CB14480053E3BA /* Debug */ = {
			isa = XCBuildConfiguration;
			buildSettings = {
				ALWAYS_EMBED_SWIFT_STANDARD_LIBRARIES = YES;
				CODE_SIGN_STYLE = Automatic;
				CURRENT_PROJECT_VERSION = 1;
				GENERATE_INFOPLIST_FILE = YES;
				MARKETING_VERSION = 1.0;
				PRODUCT_BUNDLE_IDENTIFIER = in2tech.drawLoopUITests;
				PRODUCT_NAME = "$(TARGET_NAME)";
				SWIFT_EMIT_LOC_STRINGS = NO;
				SWIFT_VERSION = 5.0;
				TARGETED_DEVICE_FAMILY = "1,2";
				TEST_TARGET_NAME = drawLoop;
			};
			name = Debug;
		};
		1473B0E828CB14480053E3BA /* Release */ = {
			isa = XCBuildConfiguration;
			buildSettings = {
				ALWAYS_EMBED_SWIFT_STANDARD_LIBRARIES = YES;
				CODE_SIGN_STYLE = Automatic;
				CURRENT_PROJECT_VERSION = 1;
				GENERATE_INFOPLIST_FILE = YES;
				MARKETING_VERSION = 1.0;
				PRODUCT_BUNDLE_IDENTIFIER = in2tech.drawLoopUITests;
				PRODUCT_NAME = "$(TARGET_NAME)";
				SWIFT_EMIT_LOC_STRINGS = NO;
				SWIFT_VERSION = 5.0;
				TARGETED_DEVICE_FAMILY = "1,2";
				TEST_TARGET_NAME = drawLoop;
			};
			name = Release;
		};
/* End XCBuildConfiguration section */

/* Begin XCConfigurationList section */
		1473B0B128CB14460053E3BA /* Build configuration list for PBXProject "drawLoop" */ = {
			isa = XCConfigurationList;
			buildConfigurations = (
				1473B0DE28CB14480053E3BA /* Debug */,
				1473B0DF28CB14480053E3BA /* Release */,
			);
			defaultConfigurationIsVisible = 0;
			defaultConfigurationName = Release;
		};
		1473B0E028CB14480053E3BA /* Build configuration list for PBXNativeTarget "drawLoop" */ = {
			isa = XCConfigurationList;
			buildConfigurations = (
				1473B0E128CB14480053E3BA /* Debug */,
				1473B0E228CB14480053E3BA /* Release */,
			);
			defaultConfigurationIsVisible = 0;
			defaultConfigurationName = Release;
		};
		1473B0E328CB14480053E3BA /* Build configuration list for PBXNativeTarget "drawLoopTests" */ = {
			isa = XCConfigurationList;
			buildConfigurations = (
				1473B0E428CB14480053E3BA /* Debug */,
				1473B0E528CB14480053E3BA /* Release */,
			);
			defaultConfigurationIsVisible = 0;
			defaultConfigurationName = Release;
		};
		1473B0E628CB14480053E3BA /* Build configuration list for PBXNativeTarget "drawLoopUITests" */ = {
			isa = XCConfigurationList;
			buildConfigurations = (
				1473B0E728CB14480053E3BA /* Debug */,
				1473B0E828CB14480053E3BA /* Release */,
			);
			defaultConfigurationIsVisible = 0;
			defaultConfigurationName = Release;
		};
/* End XCConfigurationList section */
	};
	rootObject = 1473B0AE28CB14460053E3BA /* Project object */;
}
